
Microsoft Visual Studio Solution File, Format Version 12.00
# Visual Studio 15
VisualStudioVersion = 15.0.27004.2002
MinimumVisualStudioVersion = 10.0.40219.1
Project("{FAE04EC0-301F-11D3-BF4B-00C04F79EFBC}") = "SlpLib", "SlpLib\SlpLib.csproj", "{91039798-D94E-4782-BA35-6D4C1EDFFACB}"
EndProject
Project("{FAE04EC0-301F-11D3-BF4B-00C04F79EFBC}") = "ConsoleTest", "ConsoleTest\ConsoleTest.csproj", "{DC963CCD-B35D-4C98-8BA8-30844E331B77}"
EndProject
Project("{FAE04EC0-301F-11D3-BF4B-00C04F79EFBC}") = "SlpToBmp", "SlpToBmp\SlpToBmp.csproj", "{439636D5-C287-4512-AF15-C0D2984B3DFA}"
EndProject
Global
	GlobalSection(SolutionConfigurationPlatforms) = preSolution
		Debug|Any CPU = Debug|Any CPU
		Release|Any CPU = Release|Any CPU
	EndGlobalSection
	GlobalSection(ProjectConfigurationPlatforms) = postSolution
		{91039798-D94E-4782-BA35-6D4C1EDFFACB}.Debug|Any CPU.ActiveCfg = Debug|Any CPU
		{91039798-D94E-4782-BA35-6D4C1EDFFACB}.Debug|Any CPU.Build.0 = Debug|Any CPU
		{91039798-D94E-4782-BA35-6D4C1EDFFACB}.Release|Any CPU.ActiveCfg = Release|Any CPU
		{91039798-D94E-4782-BA35-6D4C1EDFFACB}.Release|Any CPU.Build.0 = Release|Any CPU
		{DC963CCD-B35D-4C98-8BA8-30844E331B77}.Debug|Any CPU.ActiveCfg = Debug|Any CPU
		{DC963CCD-B35D-4C98-8BA8-30844E331B77}.Debug|Any CPU.Build.0 = Debug|Any CPU
		{DC963CCD-B35D-4C98-8BA8-30844E331B77}.Release|Any CPU.ActiveCfg = Release|Any CPU
		{DC963CCD-B35D-4C98-8BA8-30844E331B77}.Release|Any CPU.Build.0 = Release|Any CPU
		{439636D5-C287-4512-AF15-C0D2984B3DFA}.Debug|Any CPU.ActiveCfg = Debug|Any CPU
		{439636D5-C287-4512-AF15-C0D2984B3DFA}.Debug|Any CPU.Build.0 = Debug|Any CPU
		{439636D5-C287-4512-AF15-C0D2984B3DFA}.Release|Any CPU.ActiveCfg = Release|Any CPU
		{439636D5-C287-4512-AF15-C0D2984B3DFA}.Release|Any CPU.Build.0 = Release|Any CPU
	EndGlobalSection
	GlobalSection(SolutionProperties) = preSolution
		HideSolutionNode = FALSE
	EndGlobalSection
	GlobalSection(ExtensibilityGlobals) = postSolution
		SolutionGuid = {FCD1F9F3-39C3-4EAE-832A-108FC6CB9E64}
	EndGlobalSection
EndGlobal
